
Microsoft Visual Studio Solution File, Format Version 12.00
# Visual Studio Version 16
VisualStudioVersion = 16.0.31019.35
MinimumVisualStudioVersion = 10.0.40219.1
Project("{FAE04EC0-301F-11D3-BF4B-00C04F79EFBC}") = "GameProject", "GameProject\GameProject.csproj", "{22572919-E883-4F33-B53B-079383AD0B9B}"
EndProject
Global
	GlobalSection(SolutionConfigurationPlatforms) = preSolution
		Debug|Any CPU = Debug|Any CPU
		Release|Any CPU = Release|Any CPU
	EndGlobalSection
	GlobalSection(ProjectConfigurationPlatforms) = postSolution
		{22572919-E883-4F33-B53B-079383AD0B9B}.Debug|Any CPU.ActiveCfg = Debug|Any CPU
		{22572919-E883-4F33-B53B-079383AD0B9B}.Debug|Any CPU.Build.0 = Debug|Any CPU
		{22572919-E883-4F33-B53B-079383AD0B9B}.Release|Any CPU.ActiveCfg = Release|Any CPU
		{22572919-E883-4F33-B53B-079383AD0B9B}.Release|Any CPU.Build.0 = Release|Any CPU
	EndGlobalSection
	GlobalSection(SolutionProperties) = preSolution
		HideSolutionNode = FALSE
	EndGlobalSection
	GlobalSection(ExtensibilityGlobals) = postSolution
		SolutionGuid = {E895E14E-1D1D-465A-8053-9C62B350744B}
	EndGlobalSection
EndGlobal
